
Microsoft Visual Studio Solution File, Format Version 12.00
# Visual Studio Version 17
VisualStudioVersion = 17.13.35806.99 d17.13
MinimumVisualStudioVersion = 10.0.40219.1
Project("{FAE04EC0-301F-11D3-BF4B-00C04F79EFBC}") = "08ArreglosMultidimensionales", "08ArreglosMultidimensionales\08ArreglosMultidimensionales.csproj", "{5652B5F5-EE34-4EDA-AA5C-6D2695A8E6CE}"
EndProject
Global
	GlobalSection(SolutionConfigurationPlatforms) = preSolution
		Debug|Any CPU = Debug|Any CPU
		Release|Any CPU = Release|Any CPU
	EndGlobalSection
	GlobalSection(ProjectConfigurationPlatforms) = postSolution
		{5652B5F5-EE34-4EDA-AA5C-6D2695A8E6CE}.Debug|Any CPU.ActiveCfg = Debug|Any CPU
		{5652B5F5-EE34-4EDA-AA5C-6D2695A8E6CE}.Debug|Any CPU.Build.0 = Debug|Any CPU
		{5652B5F5-EE34-4EDA-AA5C-6D2695A8E6CE}.Release|Any CPU.ActiveCfg = Release|Any CPU
		{5652B5F5-EE34-4EDA-AA5C-6D2695A8E6CE}.Release|Any CPU.Build.0 = Release|Any CPU
	EndGlobalSection
	GlobalSection(SolutionProperties) = preSolution
		HideSolutionNode = FALSE
	EndGlobalSection
	GlobalSection(ExtensibilityGlobals) = postSolution
		SolutionGuid = {38F82F9F-55E1-4EA1-B3DA-90E6189E262B}
	EndGlobalSection
EndGlobal
