
Microsoft Visual Studio Solution File, Format Version 12.00
# Visual Studio Version 17
VisualStudioVersion = 17.12.35527.113 d17.12
MinimumVisualStudioVersion = 10.0.40219.1
Project("{FAE04EC0-301F-11D3-BF4B-00C04F79EFBC}") = "LearnMyCalculatorApp", "LearnMyCalculatorApp\LearnMyCalculatorApp.csproj", "{DD036452-7B0C-457A-B939-E8560D97164F}"
EndProject
Project("{FAE04EC0-301F-11D3-BF4B-00C04F79EFBC}") = "LearnMyCalculatorApp.Tests", "LearnMyCalculatorApp.Tests\LearnMyCalculatorApp.Tests.csproj", "{44D80EB5-B76A-43D3-AC50-6A833DA6FA09}"
EndProject
Global
	GlobalSection(SolutionConfigurationPlatforms) = preSolution
		Debug|Any CPU = Debug|Any CPU
		Release|Any CPU = Release|Any CPU
	EndGlobalSection
	GlobalSection(ProjectConfigurationPlatforms) = postSolution
		{DD036452-7B0C-457A-B939-E8560D97164F}.Debug|Any CPU.ActiveCfg = Debug|Any CPU
		{DD036452-7B0C-457A-B939-E8560D97164F}.Debug|Any CPU.Build.0 = Debug|Any CPU
		{DD036452-7B0C-457A-B939-E8560D97164F}.Release|Any CPU.ActiveCfg = Release|Any CPU
		{DD036452-7B0C-457A-B939-E8560D97164F}.Release|Any CPU.Build.0 = Release|Any CPU
		{44D80EB5-B76A-43D3-AC50-6A833DA6FA09}.Debug|Any CPU.ActiveCfg = Debug|Any CPU
		{44D80EB5-B76A-43D3-AC50-6A833DA6FA09}.Debug|Any CPU.Build.0 = Debug|Any CPU
		{44D80EB5-B76A-43D3-AC50-6A833DA6FA09}.Release|Any CPU.ActiveCfg = Release|Any CPU
		{44D80EB5-B76A-43D3-AC50-6A833DA6FA09}.Release|Any CPU.Build.0 = Release|Any CPU
	EndGlobalSection
	GlobalSection(SolutionProperties) = preSolution
		HideSolutionNode = FALSE
	EndGlobalSection
EndGlobal
